
Microsoft Visual Studio Solution File, Format Version 10.00
# Visual Studio 2008
Project("{8BC9CEB8-8B4A-11D0-8D11-00A0C91BC942}") = "WindBriddle", "WindBriddle.vcproj", "{726CC816-69BE-4985-9CD4-8697B968D6AA}"
EndProject
Project("{8BC9CEB8-8B4A-11D0-8D11-00A0C91BC942}") = "WindPatterns", "WindPatterns.vcproj", "{734A0B9E-20B8-42AD-9D23-09889A9EB4C3}"
EndProject
Project("{8BC9CEB8-8B4A-11D0-8D11-00A0C91BC942}") = "WindShape", "WindShape.vcproj", "{3BD7A10B-9670-4A16-AFD8-19CA21A833E8}"
EndProject
Project("{8BC9CEB8-8B4A-11D0-8D11-00A0C91BC942}") = "WindView", "WindView.vcproj", "{4155A393-329B-4B75-A41C-0E3110021F7C}"
EndProject
Project("{8BC9CEB8-8B4A-11D0-8D11-00A0C91BC942}") = "ProfileBallone", "..\ProfileBallone\ProfileBallone.vcproj", "{406F6E63-90B1-46C1-BB9B-702D047B79CF}"
EndProject
Project("{8BC9CEB8-8B4A-11D0-8D11-00A0C91BC942}") = "WindDesigner", "..\WindDesigner\WindDesigner.vcproj", "{6C1AD8D0-2D64-4B03-91C1-E57070DCDE9C}"
EndProject
Global
	GlobalSection(SolutionConfigurationPlatforms) = preSolution
		Debug|Win32 = Debug|Win32
		Release|Win32 = Release|Win32
	EndGlobalSection
	GlobalSection(ProjectConfigurationPlatforms) = postSolution
		{726CC816-69BE-4985-9CD4-8697B968D6AA}.Debug|Win32.ActiveCfg = Debug|Win32
		{726CC816-69BE-4985-9CD4-8697B968D6AA}.Debug|Win32.Build.0 = Debug|Win32
		{726CC816-69BE-4985-9CD4-8697B968D6AA}.Release|Win32.ActiveCfg = Release|Win32
		{726CC816-69BE-4985-9CD4-8697B968D6AA}.Release|Win32.Build.0 = Release|Win32
		{734A0B9E-20B8-42AD-9D23-09889A9EB4C3}.Debug|Win32.ActiveCfg = Debug|Win32
		{734A0B9E-20B8-42AD-9D23-09889A9EB4C3}.Debug|Win32.Build.0 = Debug|Win32
		{734A0B9E-20B8-42AD-9D23-09889A9EB4C3}.Release|Win32.ActiveCfg = Release|Win32
		{734A0B9E-20B8-42AD-9D23-09889A9EB4C3}.Release|Win32.Build.0 = Release|Win32
		{3BD7A10B-9670-4A16-AFD8-19CA21A833E8}.Debug|Win32.ActiveCfg = Debug|Win32
		{3BD7A10B-9670-4A16-AFD8-19CA21A833E8}.Debug|Win32.Build.0 = Debug|Win32
		{3BD7A10B-9670-4A16-AFD8-19CA21A833E8}.Release|Win32.ActiveCfg = Release|Win32
		{3BD7A10B-9670-4A16-AFD8-19CA21A833E8}.Release|Win32.Build.0 = Release|Win32
		{4155A393-329B-4B75-A41C-0E3110021F7C}.Debug|Win32.ActiveCfg = Debug|Win32
		{4155A393-329B-4B75-A41C-0E3110021F7C}.Debug|Win32.Build.0 = Debug|Win32
		{4155A393-329B-4B75-A41C-0E3110021F7C}.Release|Win32.ActiveCfg = Release|Win32
		{4155A393-329B-4B75-A41C-0E3110021F7C}.Release|Win32.Build.0 = Release|Win32
		{406F6E63-90B1-46C1-BB9B-702D047B79CF}.Debug|Win32.ActiveCfg = Debug|Win32
		{406F6E63-90B1-46C1-BB9B-702D047B79CF}.Debug|Win32.Build.0 = Debug|Win32
		{406F6E63-90B1-46C1-BB9B-702D047B79CF}.Release|Win32.ActiveCfg = Release|Win32
		{406F6E63-90B1-46C1-BB9B-702D047B79CF}.Release|Win32.Build.0 = Release|Win32
		{6C1AD8D0-2D64-4B03-91C1-E57070DCDE9C}.Debug|Win32.ActiveCfg = Debug|Win32
		{6C1AD8D0-2D64-4B03-91C1-E57070DCDE9C}.Debug|Win32.Build.0 = Debug|Win32
		{6C1AD8D0-2D64-4B03-91C1-E57070DCDE9C}.Release|Win32.ActiveCfg = Release|Win32
		{6C1AD8D0-2D64-4B03-91C1-E57070DCDE9C}.Release|Win32.Build.0 = Release|Win32
	EndGlobalSection
	GlobalSection(SolutionProperties) = preSolution
		HideSolutionNode = FALSE
	EndGlobalSection
EndGlobal
